
Microsoft Visual Studio Solution File, Format Version 12.00
# Visual Studio Version 17
VisualStudioVersion = 17.13.35931.197
MinimumVisualStudioVersion = 10.0.40219.1
Project("{FAE04EC0-301F-11D3-BF4B-00C04F79EFBC}") = "DocumentManagementAPI", "DocumentManagementAPI\DocumentManagementAPI.csproj", "{C3F57D93-1D01-4BE1-8401-C7A531F26D69}"
EndProject
Project("{FAE04EC0-301F-11D3-BF4B-00C04F79EFBC}") = "DocumentManagement.Data", "DocumentManagement.Data\DocumentManagement.Data.csproj", "{0CC08938-2406-46CC-A9D5-A2733BB97F76}"
EndProject
Project("{FAE04EC0-301F-11D3-BF4B-00C04F79EFBC}") = "DocumentAppTest", "DocumentAppTest\DocumentAppTest.csproj", "{D2053F28-34EE-4337-9BB1-561A366F09C9}"
EndProject
Project("{FAE04EC0-301F-11D3-BF4B-00C04F79EFBC}") = "Project.Test", "Project.Test\Project.Test.csproj", "{8B212F54-E96D-4B86-924C-01C884517CF5}"
EndProject
Global
	GlobalSection(SolutionConfigurationPlatforms) = preSolution
		Debug|Any CPU = Debug|Any CPU
		Release|Any CPU = Release|Any CPU
	EndGlobalSection
	GlobalSection(ProjectConfigurationPlatforms) = postSolution
		{C3F57D93-1D01-4BE1-8401-C7A531F26D69}.Debug|Any CPU.ActiveCfg = Debug|Any CPU
		{C3F57D93-1D01-4BE1-8401-C7A531F26D69}.Debug|Any CPU.Build.0 = Debug|Any CPU
		{C3F57D93-1D01-4BE1-8401-C7A531F26D69}.Release|Any CPU.ActiveCfg = Release|Any CPU
		{C3F57D93-1D01-4BE1-8401-C7A531F26D69}.Release|Any CPU.Build.0 = Release|Any CPU
		{0CC08938-2406-46CC-A9D5-A2733BB97F76}.Debug|Any CPU.ActiveCfg = Debug|Any CPU
		{0CC08938-2406-46CC-A9D5-A2733BB97F76}.Debug|Any CPU.Build.0 = Debug|Any CPU
		{0CC08938-2406-46CC-A9D5-A2733BB97F76}.Release|Any CPU.ActiveCfg = Release|Any CPU
		{0CC08938-2406-46CC-A9D5-A2733BB97F76}.Release|Any CPU.Build.0 = Release|Any CPU
		{D2053F28-34EE-4337-9BB1-561A366F09C9}.Debug|Any CPU.ActiveCfg = Debug|Any CPU
		{D2053F28-34EE-4337-9BB1-561A366F09C9}.Debug|Any CPU.Build.0 = Debug|Any CPU
		{D2053F28-34EE-4337-9BB1-561A366F09C9}.Release|Any CPU.ActiveCfg = Release|Any CPU
		{D2053F28-34EE-4337-9BB1-561A366F09C9}.Release|Any CPU.Build.0 = Release|Any CPU
		{8B212F54-E96D-4B86-924C-01C884517CF5}.Debug|Any CPU.ActiveCfg = Debug|Any CPU
		{8B212F54-E96D-4B86-924C-01C884517CF5}.Debug|Any CPU.Build.0 = Debug|Any CPU
		{8B212F54-E96D-4B86-924C-01C884517CF5}.Release|Any CPU.ActiveCfg = Release|Any CPU
		{8B212F54-E96D-4B86-924C-01C884517CF5}.Release|Any CPU.Build.0 = Release|Any CPU
	EndGlobalSection
	GlobalSection(SolutionProperties) = preSolution
		HideSolutionNode = FALSE
	EndGlobalSection
	GlobalSection(ExtensibilityGlobals) = postSolution
		SolutionGuid = {C86F31E9-E488-4ECA-BE09-AF780DBB3B17}
	EndGlobalSection
EndGlobal
